
Microsoft Visual Studio Solution File, Format Version 12.00
# Visual Studio Version 17
VisualStudioVersion = 17.3.32901.215
MinimumVisualStudioVersion = 10.0.40219.1
Project("{9A19103F-16F7-4668-BE54-9A1E7A4F7556}") = "CoreDemo", "CoreDemo\CoreDemo.csproj", "{C714CAA6-9A82-46AF-B466-D5B6247CB7C2}"
EndProject
Project("{9A19103F-16F7-4668-BE54-9A1E7A4F7556}") = "EntityLayer", "EntityLayer\EntityLayer.csproj", "{39F5B549-2DEA-42C3-BD26-A19DA5118CD4}"
EndProject
Project("{9A19103F-16F7-4668-BE54-9A1E7A4F7556}") = "DataAccessLayer", "DataAccessLayer\DataAccessLayer.csproj", "{881A5E54-5A6D-4234-B26F-51B006D51D24}"
EndProject
Project("{9A19103F-16F7-4668-BE54-9A1E7A4F7556}") = "BusinessLayer", "BusinessLayer\BusinessLayer.csproj", "{27A9C20E-A366-4C3D-8B3E-C9AEDDB23A1A}"
EndProject
Project("{9A19103F-16F7-4668-BE54-9A1E7A4F7556}") = "CoreLayer", "CoreLayer\CoreLayer.csproj", "{DA674653-46F1-4656-923F-97513C776C69}"
EndProject
Project("{9A19103F-16F7-4668-BE54-9A1E7A4F7556}") = "BlogApiDemo", "BlogApiDemo\BlogApiDemo.csproj", "{851ED352-0912-4D72-BAF3-102CA8C8B2BC}"
EndProject
Project("{FAE04EC0-301F-11D3-BF4B-00C04F79EFBC}") = "jwt_core_project_camp", "jwt_core_project_camp\jwt_core_project_camp.csproj", "{FC2C60F6-B8DB-4B75-A5C3-00793E243B2E}"
EndProject
Global
	GlobalSection(SolutionConfigurationPlatforms) = preSolution
		Debug|Any CPU = Debug|Any CPU
		Release|Any CPU = Release|Any CPU
	EndGlobalSection
	GlobalSection(ProjectConfigurationPlatforms) = postSolution
		{C714CAA6-9A82-46AF-B466-D5B6247CB7C2}.Debug|Any CPU.ActiveCfg = Debug|Any CPU
		{C714CAA6-9A82-46AF-B466-D5B6247CB7C2}.Debug|Any CPU.Build.0 = Debug|Any CPU
		{C714CAA6-9A82-46AF-B466-D5B6247CB7C2}.Release|Any CPU.ActiveCfg = Release|Any CPU
		{C714CAA6-9A82-46AF-B466-D5B6247CB7C2}.Release|Any CPU.Build.0 = Release|Any CPU
		{39F5B549-2DEA-42C3-BD26-A19DA5118CD4}.Debug|Any CPU.ActiveCfg = Debug|Any CPU
		{39F5B549-2DEA-42C3-BD26-A19DA5118CD4}.Debug|Any CPU.Build.0 = Debug|Any CPU
		{39F5B549-2DEA-42C3-BD26-A19DA5118CD4}.Release|Any CPU.ActiveCfg = Release|Any CPU
		{39F5B549-2DEA-42C3-BD26-A19DA5118CD4}.Release|Any CPU.Build.0 = Release|Any CPU
		{881A5E54-5A6D-4234-B26F-51B006D51D24}.Debug|Any CPU.ActiveCfg = Debug|Any CPU
		{881A5E54-5A6D-4234-B26F-51B006D51D24}.Debug|Any CPU.Build.0 = Debug|Any CPU
		{881A5E54-5A6D-4234-B26F-51B006D51D24}.Release|Any CPU.ActiveCfg = Release|Any CPU
		{881A5E54-5A6D-4234-B26F-51B006D51D24}.Release|Any CPU.Build.0 = Release|Any CPU
		{27A9C20E-A366-4C3D-8B3E-C9AEDDB23A1A}.Debug|Any CPU.ActiveCfg = Debug|Any CPU
		{27A9C20E-A366-4C3D-8B3E-C9AEDDB23A1A}.Debug|Any CPU.Build.0 = Debug|Any CPU
		{27A9C20E-A366-4C3D-8B3E-C9AEDDB23A1A}.Release|Any CPU.ActiveCfg = Release|Any CPU
		{27A9C20E-A366-4C3D-8B3E-C9AEDDB23A1A}.Release|Any CPU.Build.0 = Release|Any CPU
		{DA674653-46F1-4656-923F-97513C776C69}.Debug|Any CPU.ActiveCfg = Debug|Any CPU
		{DA674653-46F1-4656-923F-97513C776C69}.Debug|Any CPU.Build.0 = Debug|Any CPU
		{DA674653-46F1-4656-923F-97513C776C69}.Release|Any CPU.ActiveCfg = Release|Any CPU
		{DA674653-46F1-4656-923F-97513C776C69}.Release|Any CPU.Build.0 = Release|Any CPU
		{851ED352-0912-4D72-BAF3-102CA8C8B2BC}.Debug|Any CPU.ActiveCfg = Debug|Any CPU
		{851ED352-0912-4D72-BAF3-102CA8C8B2BC}.Debug|Any CPU.Build.0 = Debug|Any CPU
		{851ED352-0912-4D72-BAF3-102CA8C8B2BC}.Release|Any CPU.ActiveCfg = Release|Any CPU
		{851ED352-0912-4D72-BAF3-102CA8C8B2BC}.Release|Any CPU.Build.0 = Release|Any CPU
		{FC2C60F6-B8DB-4B75-A5C3-00793E243B2E}.Debug|Any CPU.ActiveCfg = Debug|Any CPU
		{FC2C60F6-B8DB-4B75-A5C3-00793E243B2E}.Debug|Any CPU.Build.0 = Debug|Any CPU
		{FC2C60F6-B8DB-4B75-A5C3-00793E243B2E}.Release|Any CPU.ActiveCfg = Release|Any CPU
		{FC2C60F6-B8DB-4B75-A5C3-00793E243B2E}.Release|Any CPU.Build.0 = Release|Any CPU
	EndGlobalSection
	GlobalSection(SolutionProperties) = preSolution
		HideSolutionNode = FALSE
	EndGlobalSection
	GlobalSection(ExtensibilityGlobals) = postSolution
		SolutionGuid = {BD69BB90-2AD7-43DD-B5D2-F445F2EB194C}
	EndGlobalSection
EndGlobal
